
Microsoft Visual Studio Solution File, Format Version 12.00
# Visual Studio Version 16
VisualStudioVersion = 16.0.30717.126
MinimumVisualStudioVersion = 10.0.40219.1
Project("{FAE04EC0-301F-11D3-BF4B-00C04F79EFBC}") = "SmartReceiveLoader", "SmartReceiveLoader\SmartReceiveLoader.csproj", "{B598AC22-9FFC-4B0D-B592-16F67674BFAA}"
EndProject
Global
	GlobalSection(SolutionConfigurationPlatforms) = preSolution
		Debug|Any CPU = Debug|Any CPU
		Release|Any CPU = Release|Any CPU
	EndGlobalSection
	GlobalSection(ProjectConfigurationPlatforms) = postSolution
		{B598AC22-9FFC-4B0D-B592-16F67674BFAA}.Debug|Any CPU.ActiveCfg = Debug|Any CPU
		{B598AC22-9FFC-4B0D-B592-16F67674BFAA}.Debug|Any CPU.Build.0 = Debug|Any CPU
		{B598AC22-9FFC-4B0D-B592-16F67674BFAA}.Release|Any CPU.ActiveCfg = Release|Any CPU
		{B598AC22-9FFC-4B0D-B592-16F67674BFAA}.Release|Any CPU.Build.0 = Release|Any CPU
	EndGlobalSection
	GlobalSection(SolutionProperties) = preSolution
		HideSolutionNode = FALSE
	EndGlobalSection
	GlobalSection(ExtensibilityGlobals) = postSolution
		SolutionGuid = {2E2401B2-8E57-4D00-9479-50AECF2DD7FA}
	EndGlobalSection
EndGlobal
